
Microsoft Visual Studio Solution File, Format Version 12.00
# Visual Studio Version 17
VisualStudioVersion = 17.4.33213.308
MinimumVisualStudioVersion = 10.0.40219.1
Project("{FAE04EC0-301F-11D3-BF4B-00C04F79EFBC}") = "WebAppWithFacebookLogIn", "WebAppWithFacebookLogIn\WebAppWithFacebookLogIn.csproj", "{B18F1BC1-46B5-4C7D-9ADB-5D40A77F0E76}"
EndProject
Global
	GlobalSection(SolutionConfigurationPlatforms) = preSolution
		Debug|Any CPU = Debug|Any CPU
		Release|Any CPU = Release|Any CPU
	EndGlobalSection
	GlobalSection(ProjectConfigurationPlatforms) = postSolution
		{B18F1BC1-46B5-4C7D-9ADB-5D40A77F0E76}.Debug|Any CPU.ActiveCfg = Debug|Any CPU
		{B18F1BC1-46B5-4C7D-9ADB-5D40A77F0E76}.Debug|Any CPU.Build.0 = Debug|Any CPU
		{B18F1BC1-46B5-4C7D-9ADB-5D40A77F0E76}.Release|Any CPU.ActiveCfg = Release|Any CPU
		{B18F1BC1-46B5-4C7D-9ADB-5D40A77F0E76}.Release|Any CPU.Build.0 = Release|Any CPU
	EndGlobalSection
	GlobalSection(SolutionProperties) = preSolution
		HideSolutionNode = FALSE
	EndGlobalSection
	GlobalSection(ExtensibilityGlobals) = postSolution
		SolutionGuid = {052113DB-0E27-4F1F-B6C3-82C1D949A179}
	EndGlobalSection
EndGlobal
